
Microsoft Visual Studio Solution File, Format Version 12.00
# Visual Studio Version 17
VisualStudioVersion = 17.4.33122.133
MinimumVisualStudioVersion = 10.0.40219.1
Project("{FAE04EC0-301F-11D3-BF4B-00C04F79EFBC}") = "Domain", "Domain\Domain.csproj", "{E54E1FE3-D5D2-4719-A862-5C6889817810}"
EndProject
Project("{FAE04EC0-301F-11D3-BF4B-00C04F79EFBC}") = "Application", "Application\Application.csproj", "{4384001F-79ED-4205-94F2-CDD603CC720B}"
EndProject
Project("{FAE04EC0-301F-11D3-BF4B-00C04F79EFBC}") = "Infrastructure", "Infrastructure\Infrastructure.csproj", "{E7E0CED1-5102-4278-89F2-90FB317A0CFC}"
EndProject
Project("{FAE04EC0-301F-11D3-BF4B-00C04F79EFBC}") = "Presentation", "Presentation\Presentation.csproj", "{8B4D11DC-1B81-4B7B-9EF2-9405F9494EBB}"
EndProject
Project("{FAE04EC0-301F-11D3-BF4B-00C04F79EFBC}") = "Tests", "Tests\Tests.csproj", "{D80FD73E-DEFC-41E7-B097-8EEFF1634E20}"
EndProject
Global
	GlobalSection(SolutionConfigurationPlatforms) = preSolution
		Debug|Any CPU = Debug|Any CPU
		Release|Any CPU = Release|Any CPU
	EndGlobalSection
	GlobalSection(ProjectConfigurationPlatforms) = postSolution
		{E54E1FE3-D5D2-4719-A862-5C6889817810}.Debug|Any CPU.ActiveCfg = Debug|Any CPU
		{E54E1FE3-D5D2-4719-A862-5C6889817810}.Debug|Any CPU.Build.0 = Debug|Any CPU
		{E54E1FE3-D5D2-4719-A862-5C6889817810}.Release|Any CPU.ActiveCfg = Release|Any CPU
		{E54E1FE3-D5D2-4719-A862-5C6889817810}.Release|Any CPU.Build.0 = Release|Any CPU
		{4384001F-79ED-4205-94F2-CDD603CC720B}.Debug|Any CPU.ActiveCfg = Debug|Any CPU
		{4384001F-79ED-4205-94F2-CDD603CC720B}.Debug|Any CPU.Build.0 = Debug|Any CPU
		{4384001F-79ED-4205-94F2-CDD603CC720B}.Release|Any CPU.ActiveCfg = Release|Any CPU
		{4384001F-79ED-4205-94F2-CDD603CC720B}.Release|Any CPU.Build.0 = Release|Any CPU
		{E7E0CED1-5102-4278-89F2-90FB317A0CFC}.Debug|Any CPU.ActiveCfg = Debug|Any CPU
		{E7E0CED1-5102-4278-89F2-90FB317A0CFC}.Debug|Any CPU.Build.0 = Debug|Any CPU
		{E7E0CED1-5102-4278-89F2-90FB317A0CFC}.Release|Any CPU.ActiveCfg = Release|Any CPU
		{E7E0CED1-5102-4278-89F2-90FB317A0CFC}.Release|Any CPU.Build.0 = Release|Any CPU
		{8B4D11DC-1B81-4B7B-9EF2-9405F9494EBB}.Debug|Any CPU.ActiveCfg = Debug|Any CPU
		{8B4D11DC-1B81-4B7B-9EF2-9405F9494EBB}.Debug|Any CPU.Build.0 = Debug|Any CPU
		{8B4D11DC-1B81-4B7B-9EF2-9405F9494EBB}.Release|Any CPU.ActiveCfg = Release|Any CPU
		{8B4D11DC-1B81-4B7B-9EF2-9405F9494EBB}.Release|Any CPU.Build.0 = Release|Any CPU
		{D80FD73E-DEFC-41E7-B097-8EEFF1634E20}.Debug|Any CPU.ActiveCfg = Debug|Any CPU
		{D80FD73E-DEFC-41E7-B097-8EEFF1634E20}.Debug|Any CPU.Build.0 = Debug|Any CPU
		{D80FD73E-DEFC-41E7-B097-8EEFF1634E20}.Release|Any CPU.ActiveCfg = Release|Any CPU
		{D80FD73E-DEFC-41E7-B097-8EEFF1634E20}.Release|Any CPU.Build.0 = Release|Any CPU
	EndGlobalSection
	GlobalSection(SolutionProperties) = preSolution
		HideSolutionNode = FALSE
	EndGlobalSection
	GlobalSection(ExtensibilityGlobals) = postSolution
		SolutionGuid = {69983EF3-01EC-447E-8CE7-8DF62D80BD03}
	EndGlobalSection
EndGlobal
